
Microsoft Visual Studio Solution File, Format Version 12.00
# Visual Studio 2012
Project("{FAE04EC0-301F-11D3-BF4B-00C04F79EFBC}") = "GOC.Inventory.Domain", "GOC.Inventory.Domain\GOC.Inventory.Domain.csproj", "{B9852DD4-D059-42AD-AEAA-FADD6E75A0C5}"
EndProject
Project("{FAE04EC0-301F-11D3-BF4B-00C04F79EFBC}") = "GOC.Inventory.API", "GOC.Inventory.API\GOC.Inventory.API.csproj", "{455B3698-8A2B-4A32-A70A-7BADAE956FB1}"
EndProject
Project("{FAE04EC0-301F-11D3-BF4B-00C04F79EFBC}") = "GOC.Inventory.Infrastructure", "GOC.Inventory.Infrastructure\GOC.Inventory.Infrastructure.csproj", "{5132CE56-BFC5-436B-AB99-3392D1DBF39D}"
EndProject
Global
	GlobalSection(SolutionConfigurationPlatforms) = preSolution
		Debug|Any CPU = Debug|Any CPU
		Release|Any CPU = Release|Any CPU
	EndGlobalSection
	GlobalSection(ProjectConfigurationPlatforms) = postSolution
		{B9852DD4-D059-42AD-AEAA-FADD6E75A0C5}.Debug|Any CPU.ActiveCfg = Debug|Any CPU
		{B9852DD4-D059-42AD-AEAA-FADD6E75A0C5}.Debug|Any CPU.Build.0 = Debug|Any CPU
		{B9852DD4-D059-42AD-AEAA-FADD6E75A0C5}.Release|Any CPU.ActiveCfg = Release|Any CPU
		{B9852DD4-D059-42AD-AEAA-FADD6E75A0C5}.Release|Any CPU.Build.0 = Release|Any CPU
		{455B3698-8A2B-4A32-A70A-7BADAE956FB1}.Debug|Any CPU.ActiveCfg = Debug|Any CPU
		{455B3698-8A2B-4A32-A70A-7BADAE956FB1}.Debug|Any CPU.Build.0 = Debug|Any CPU
		{455B3698-8A2B-4A32-A70A-7BADAE956FB1}.Release|Any CPU.ActiveCfg = Release|Any CPU
		{455B3698-8A2B-4A32-A70A-7BADAE956FB1}.Release|Any CPU.Build.0 = Release|Any CPU
		{5132CE56-BFC5-436B-AB99-3392D1DBF39D}.Debug|Any CPU.ActiveCfg = Debug|Any CPU
		{5132CE56-BFC5-436B-AB99-3392D1DBF39D}.Debug|Any CPU.Build.0 = Debug|Any CPU
		{5132CE56-BFC5-436B-AB99-3392D1DBF39D}.Release|Any CPU.ActiveCfg = Release|Any CPU
		{5132CE56-BFC5-436B-AB99-3392D1DBF39D}.Release|Any CPU.Build.0 = Release|Any CPU
	EndGlobalSection
EndGlobal
